// !$*UTF8*$!
{
	archiveVersion = 1;
	classes = {
	};
	objectVersion = 55;
	objects = {

/* Begin PBXBuildFile section */
		8A1F3BC32753BADF005DB6EB /* contactsApp.swift in Sources */ = {isa = PBXBuildFile; fileRef = 8A1F3BC22753BADF005DB6EB /* contactsApp.swift */; };
		8A1F3BC52753BADF005DB6EB /* ContentView.swift in Sources */ = {isa = PBXBuildFile; fileRef = 8A1F3BC42753BADF005DB6EB /* ContentView.swift */; };
		8A1F3BC72753BAE1005DB6EB /* Assets.xcassets in Resources */ = {isa = PBXBuildFile; fileRef = 8A1F3BC62753BAE1005DB6EB /* Assets.xcassets */; };
		8A1F3BCA2753BAE1005DB6EB /* Preview Assets.xcassets in Resources */ = {isa = PBXBuildFile; fileRef = 8A1F3BC92753BAE1005DB6EB /* Preview Assets.xcassets */; };
		8A1F3BD42753BAE1005DB6EB /* contactsTests.swift in Sources */ = {isa = PBXBuildFile; fileRef = 8A1F3BD32753BAE1005DB6EB /* contactsTests.swift */; };
		8A1F3BDE2753BAE1005DB6EB /* contactsUITests.swift in Sources */ = {isa = PBXBuildFile; fileRef = 8A1F3BDD2753BAE1005DB6EB /* contactsUITests.swift */; };
		8A1F3BE02753BAE1005DB6EB /* contactsUITestsLaunchTests.swift in Sources */ = {isa = PBXBuildFile; fileRef = 8A1F3BDF2753BAE1005DB6EB /* contactsUITestsLaunchTests.swift */; };
/* End PBXBuildFile section */

/* Begin PBXContainerItemProxy section */
		8A1F3BD02753BAE1005DB6EB /* PBXContainerItemProxy */ = {
			isa = PBXContainerItemProxy;
			containerPortal = 8A1F3BB72753BADF005DB6EB /* Project object */;
			proxyType = 1;
			remoteGlobalIDString = 8A1F3BBE2753BADF005DB6EB;
			remoteInfo = contacts;
		};
		8A1F3BDA2753BAE1005DB6EB /* PBXContainerItemProxy */ = {
			isa = PBXContainerItemProxy;
			containerPortal = 8A1F3BB72753BADF005DB6EB /* Project object */;
			proxyType = 1;
			remoteGlobalIDString = 8A1F3BBE2753BADF005DB6EB;
			remoteInfo = contacts;
		};
/* End PBXContainerItemProxy section */

/* Begin PBXFileReference section */
		8A1F3BBF2753BADF005DB6EB /* contacts.app */ = {isa = PBXFileReference; explicitFileType = wrapper.application; includeInIndex = 0; path = contacts.app; sourceTree = BUILT_PRODUCTS_DIR; };
		8A1F3BC22753BADF005DB6EB /* contactsApp.swift */ = {isa = PBXFileReference; lastKnownFileType = sourcecode.swift; path = contactsApp.swift; sourceTree = "<group>"; };
		8A1F3BC42753BADF005DB6EB /* ContentView.swift */ = {isa = PBXFileReference; lastKnownFileType = sourcecode.swift; path = ContentView.swift; sourceTree = "<group>"; };
		8A1F3BC62753BAE1005DB6EB /* Assets.xcassets */ = {isa = PBXFileReference; lastKnownFileType = folder.assetcatalog; path = Assets.xcassets; sourceTree = "<group>"; };
		8A1F3BC92753BAE1005DB6EB /* Preview Assets.xcassets */ = {isa = PBXFileReference; lastKnownFileType = folder.assetcatalog; path = "Preview Assets.xcassets"; sourceTree = "<group>"; };
		8A1F3BCF2753BAE1005DB6EB /* contactsTests.xctest */ = {isa = PBXFileReference; explicitFileType = wrapper.cfbundle; includeInIndex = 0; path = contactsTests.xctest; sourceTree = BUILT_PRODUCTS_DIR; };
		8A1F3BD32753BAE1005DB6EB /* contactsTests.swift */ = {isa = PBXFileReference; lastKnownFileType = sourcecode.swift; path = contactsTests.swift; sourceTree = "<group>"; };
		8A1F3BD92753BAE1005DB6EB /* contactsUITests.xctest */ = {isa = PBXFileReference; explicitFileType = wrapper.cfbundle; includeInIndex = 0; path = contactsUITests.xctest; sourceTree = BUILT_PRODUCTS_DIR; };
		8A1F3BDD2753BAE1005DB6EB /* contactsUITests.swift */ = {isa = PBXFileReference; lastKnownFileType = sourcecode.swift; path = contactsUITests.swift; sourceTree = "<group>"; };
		8A1F3BDF2753BAE1005DB6EB /* contactsUITestsLaunchTests.swift */ = {isa = PBXFileReference; lastKnownFileType = sourcecode.swift; path = contactsUITestsLaunchTests.swift; sourceTree = "<group>"; };
/* End PBXFileReference section */

/* Begin PBXFrameworksBuildPhase section */
		8A1F3BBC2753BADF005DB6EB /* Frameworks */ = {
			isa = PBXFrameworksBuildPhase;
			buildActionMask = 2147483647;
			files = (
			);
			runOnlyForDeploymentPostprocessing = 0;
		};
		8A1F3BCC2753BAE1005DB6EB /* Frameworks */ = {
			isa = PBXFrameworksBuildPhase;
			buildActionMask = 2147483647;
			files = (
			);
			runOnlyForDeploymentPostprocessing = 0;
		};
		8A1F3BD62753BAE1005DB6EB /* Frameworks */ = {
			isa = PBXFrameworksBuildPhase;
			buildActionMask = 2147483647;
			files = (
			);
			runOnlyForDeploymentPostprocessing = 0;
		};
/* End PBXFrameworksBuildPhase section */

/* Begin PBXGroup section */
		8A1F3BB62753BADF005DB6EB = {
			isa = PBXGroup;
			children = (
				8A1F3BC12753BADF005DB6EB /* contacts */,
				8A1F3BD22753BAE1005DB6EB /* contactsTests */,
				8A1F3BDC2753BAE1005DB6EB /* contactsUITests */,
				8A1F3BC02753BADF005DB6EB /* Products */,
			);
			sourceTree = "<group>";
		};
		8A1F3BC02753BADF005DB6EB /* Products */ = {
			isa = PBXGroup;
			children = (
				8A1F3BBF2753BADF005DB6EB /* contacts.app */,
				8A1F3BCF2753BAE1005DB6EB /* contactsTests.xctest */,
				8A1F3BD92753BAE1005DB6EB /* contactsUITests.xctest */,
			);
			name = Products;
			sourceTree = "<group>";
		};
		8A1F3BC12753BADF005DB6EB /* contacts */ = {
			isa = PBXGroup;
			children = (
				8A1F3BC22753BADF005DB6EB /* contactsApp.swift */,
				8A1F3BC42753BADF005DB6EB /* ContentView.swift */,
				8A1F3BC62753BAE1005DB6EB /* Assets.xcassets */,
				8A1F3BC82753BAE1005DB6EB /* Preview Content */,
			);
			path = contacts;
			sourceTree = "<group>";
		};
		8A1F3BC82753BAE1005DB6EB /* Preview Content */ = {
			isa = PBXGroup;
			children = (
				8A1F3BC92753BAE1005DB6EB /* Preview Assets.xcassets */,
			);
			path = "Preview Content";
			sourceTree = "<group>";
		};
		8A1F3BD22753BAE1005DB6EB /* contactsTests */ = {
			isa = PBXGroup;
			children = (
				8A1F3BD32753BAE1005DB6EB /* contactsTests.swift */,
			);
			path = contactsTests;
			sourceTree = "<group>";
		};
		8A1F3BDC2753BAE1005DB6EB /* contactsUITests */ = {
			isa = PBXGroup;
			children = (
				8A1F3BDD2753BAE1005DB6EB /* contactsUITests.swift */,
				8A1F3BDF2753BAE1005DB6EB /* contactsUITestsLaunchTests.swift */,
			);
			path = contactsUITests;
			sourceTree = "<group>";
		};
/* End PBXGroup section */

/* Begin PBXNativeTarget section */
		8A1F3BBE2753BADF005DB6EB /* contacts */ = {
			isa = PBXNativeTarget;
			buildConfigurationList = 8A1F3BE32753BAE1005DB6EB /* Build configuration list for PBXNativeTarget "contacts" */;
			buildPhases = (
				8A1F3BBB2753BADF005DB6EB /* Sources */,
				8A1F3BBC2753BADF005DB6EB /* Frameworks */,
				8A1F3BBD2753BADF005DB6EB /* Resources */,
			);
			buildRules = (
			);
			dependencies = (
			);
			name = contacts;
			productName = contacts;
			productReference = 8A1F3BBF2753BADF005DB6EB /* contacts.app */;
			productType = "com.apple.product-type.application";
		};
		8A1F3BCE2753BAE1005DB6EB /* contactsTests */ = {
			isa = PBXNativeTarget;
			buildConfigurationList = 8A1F3BE62753BAE1005DB6EB /* Build configuration list for PBXNativeTarget "contactsTests" */;
			buildPhases = (
				8A1F3BCB2753BAE1005DB6EB /* Sources */,
				8A1F3BCC2753BAE1005DB6EB /* Frameworks */,
				8A1F3BCD2753BAE1005DB6EB /* Resources */,
			);
			buildRules = (
			);
			dependencies = (
				8A1F3BD12753BAE1005DB6EB /* PBXTargetDependency */,
			);
			name = contactsTests;
			productName = contactsTests;
			productReference = 8A1F3BCF2753BAE1005DB6EB /* contactsTests.xctest */;
			productType = "com.apple.product-type.bundle.unit-test";
		};
		8A1F3BD82753BAE1005DB6EB /* contactsUITests */ = {
			isa = PBXNativeTarget;
			buildConfigurationList = 8A1F3BE92753BAE1005DB6EB /* Build configuration list for PBXNativeTarget "contactsUITests" */;
			buildPhases = (
				8A1F3BD52753BAE1005DB6EB /* Sources */,
				8A1F3BD62753BAE1005DB6EB /* Frameworks */,
				8A1F3BD72753BAE1005DB6EB /* Resources */,
			);
			buildRules = (
			);
			dependencies = (
				8A1F3BDB2753BAE1005DB6EB /* PBXTargetDependency */,
			);
			name = contactsUITests;
			productName = contactsUITests;
			productReference = 8A1F3BD92753BAE1005DB6EB /* contactsUITests.xctest */;
			productType = "com.apple.product-type.bundle.ui-testing";
		};
/* End PBXNativeTarget section */

/* Begin PBXProject section */
		8A1F3BB72753BADF005DB6EB /* Project object */ = {
			isa = PBXProject;
			attributes = {
				BuildIndependentTargetsInParallel = 1;
				LastSwiftUpdateCheck = 1310;
				LastUpgradeCheck = 1310;
				TargetAttributes = {
					8A1F3BBE2753BADF005DB6EB = {
						CreatedOnToolsVersion = 13.1;
					};
					8A1F3BCE2753BAE1005DB6EB = {
						CreatedOnToolsVersion = 13.1;
						TestTargetID = 8A1F3BBE2753BADF005DB6EB;
					};
					8A1F3BD82753BAE1005DB6EB = {
						CreatedOnToolsVersion = 13.1;
						TestTargetID = 8A1F3BBE2753BADF005DB6EB;
					};
				};
			};
			buildConfigurationList = 8A1F3BBA2753BADF005DB6EB /* Build configuration list for PBXProject "contacts" */;
			compatibilityVersion = "Xcode 13.0";
			developmentRegion = en;
			hasScannedForEncodings = 0;
			knownRegions = (
				en,
				Base,
			);
			mainGroup = 8A1F3BB62753BADF005DB6EB;
			productRefGroup = 8A1F3BC02753BADF005DB6EB /* Products */;
			projectDirPath = "";
			projectRoot = "";
			targets = (
				8A1F3BBE2753BADF005DB6EB /* contacts */,
				8A1F3BCE2753BAE1005DB6EB /* contactsTests */,
				8A1F3BD82753BAE1005DB6EB /* contactsUITests */,
			);
		};
/* End PBXProject section */

/* Begin PBXResourcesBuildPhase section */
		8A1F3BBD2753BADF005DB6EB /* Resources */ = {
			isa = PBXResourcesBuildPhase;
			buildActionMask = 2147483647;
			files = (
				8A1F3BCA2753BAE1005DB6EB /* Preview Assets.xcassets in Resources */,
				8A1F3BC72753BAE1005DB6EB /* Assets.xcassets in Resources */,
			);
			runOnlyForDeploymentPostprocessing = 0;
		};
		8A1F3BCD2753BAE1005DB6EB /* Resources */ = {
			isa = PBXResourcesBuildPhase;
			buildActionMask = 2147483647;
			files = (
			);
			runOnlyForDeploymentPostprocessing = 0;
		};
		8A1F3BD72753BAE1005DB6EB /* Resources */ = {
			isa = PBXResourcesBuildPhase;
			buildActionMask = 2147483647;
			files = (
			);
			runOnlyForDeploymentPostprocessing = 0;
		};
/* End PBXResourcesBuildPhase section */

/* Begin PBXSourcesBuildPhase section */
		8A1F3BBB2753BADF005DB6EB /* Sources */ = {
			isa = PBXSourcesBuildPhase;
			buildActionMask = 2147483647;
			files = (
				8A1F3BC52753BADF005DB6EB /* ContentView.swift in Sources */,
				8A1F3BC32753BADF005DB6EB /* contactsApp.swift in Sources */,
			);
			runOnlyForDeploymentPostprocessing = 0;
		};
		8A1F3BCB2753BAE1005DB6EB /* Sources */ = {
			isa = PBXSourcesBuildPhase;
			buildActionMask = 2147483647;
			files = (
				8A1F3BD42753BAE1005DB6EB /* contactsTests.swift in Sources */,
			);
			runOnlyForDeploymentPostprocessing = 0;
		};
		8A1F3BD52753BAE1005DB6EB /* Sources */ = {
			isa = PBXSourcesBuildPhase;
			buildActionMask = 2147483647;
			files = (
				8A1F3BE02753BAE1005DB6EB /* contactsUITestsLaunchTests.swift in Sources */,
				8A1F3BDE2753BAE1005DB6EB /* contactsUITests.swift in Sources */,
			);
			runOnlyForDeploymentPostprocessing = 0;
		};
/* End PBXSourcesBuildPhase section */

/* Begin PBXTargetDependency section */
		8A1F3BD12753BAE1005DB6EB /* PBXTargetDependency */ = {
			isa = PBXTargetDependency;
			target = 8A1F3BBE2753BADF005DB6EB /* contacts */;
			targetProxy = 8A1F3BD02753BAE1005DB6EB /* PBXContainerItemProxy */;
		};
		8A1F3BDB2753BAE1005DB6EB /* PBXTargetDependency */ = {
			isa = PBXTargetDependency;
			target = 8A1F3BBE2753BADF005DB6EB /* contacts */;
			targetProxy = 8A1F3BDA2753BAE1005DB6EB /* PBXContainerItemProxy */;
		};
/* End PBXTargetDependency section */

/* Begin XCBuildConfiguration section */
		8A1F3BE12753BAE1005DB6EB /* Debug */ = {
			isa = XCBuildConfiguration;
			buildSettings = {
				ALWAYS_SEARCH_USER_PATHS = NO;
				CLANG_ANALYZER_NONNULL = YES;
				CLANG_ANALYZER_NUMBER_OBJECT_CONVERSION = YES_AGGRESSIVE;
				CLANG_CXX_LANGUAGE_STANDARD = "gnu++17";
				CLANG_CXX_LIBRARY = "libc++";
				CLANG_ENABLE_MODULES = YES;
				CLANG_ENABLE_OBJC_ARC = YES;
				CLANG_ENABLE_OBJC_WEAK = YES;
				CLANG_WARN_BLOCK_CAPTURE_AUTORELEASING = YES;
				CLANG_WARN_BOOL_CONVERSION = YES;
				CLANG_WARN_COMMA = YES;
				CLANG_WARN_CONSTANT_CONVERSION = YES;
				CLANG_WARN_DEPRECATED_OBJC_IMPLEMENTATIONS = YES;
				CLANG_WARN_DIRECT_OBJC_ISA_USAGE = YES_ERROR;
				CLANG_WARN_DOCUMENTATION_COMMENTS = YES;
				CLANG_WARN_EMPTY_BODY = YES;
				CLANG_WARN_ENUM_CONVERSION = YES;
				CLANG_WARN_INFINITE_RECURSION = YES;
				CLANG_WARN_INT_CONVERSION = YES;
				CLANG_WARN_NON_LITERAL_NULL_CONVERSION = YES;
				CLANG_WARN_OBJC_IMPLICIT_RETAIN_SELF = YES;
				CLANG_WARN_OBJC_LITERAL_CONVERSION = YES;
				CLANG_WARN_OBJC_ROOT_CLASS = YES_ERROR;
				CLANG_WARN_QUOTED_INCLUDE_IN_FRAMEWORK_HEADER = YES;
				CLANG_WARN_RANGE_LOOP_ANALYSIS = YES;
				CLANG_WARN_STRICT_PROTOTYPES = YES;
				CLANG_WARN_SUSPICIOUS_MOVE = YES;
				CLANG_WARN_UNGUARDED_AVAILABILITY = YES_AGGRESSIVE;
				CLANG_WARN_UNREACHABLE_CODE = YES;
				CLANG_WARN__DUPLICATE_METHOD_MATCH = YES;
				COPY_PHASE_STRIP = NO;
				DEBUG_INFORMATION_FORMAT = dwarf;
				ENABLE_STRICT_OBJC_MSGSEND = YES;
				ENABLE_TESTABILITY = YES;
				GCC_C_LANGUAGE_STANDARD = gnu11;
				GCC_DYNAMIC_NO_PIC = NO;
				GCC_NO_COMMON_BLOCKS = YES;
				GCC_OPTIMIZATION_LEVEL = 0;
				GCC_PREPROCESSOR_DEFINITIONS = (
					"DEBUG=1",
					"$(inherited)",
				);
				GCC_WARN_64_TO_32_BIT_CONVERSION = YES;
				GCC_WARN_ABOUT_RETURN_TYPE = YES_ERROR;
				GCC_WARN_UNDECLARED_SELECTOR = YES;
				GCC_WARN_UNINITIALIZED_AUTOS = YES_AGGRESSIVE;
				GCC_WARN_UNUSED_FUNCTION = YES;
				GCC_WARN_UNUSED_VARIABLE = YES;
				IPHONEOS_DEPLOYMENT_TARGET = 15.0;
				MTL_ENABLE_DEBUG_INFO = INCLUDE_SOURCE;
				MTL_FAST_MATH = YES;
				ONLY_ACTIVE_ARCH = YES;
				SDKROOT = iphoneos;
				SWIFT_ACTIVE_COMPILATION_CONDITIONS = DEBUG;
				SWIFT_OPTIMIZATION_LEVEL = "-Onone";
			};
			name = Debug;
		};
		8A1F3BE22753BAE1005DB6EB /* Release */ = {
			isa = XCBuildConfiguration;
			buildSettings = {
				ALWAYS_SEARCH_USER_PATHS = NO;
				CLANG_ANALYZER_NONNULL = YES;
				CLANG_ANALYZER_NUMBER_OBJECT_CONVERSION = YES_AGGRESSIVE;
				CLANG_CXX_LANGUAGE_STANDARD = "gnu++17";
				CLANG_CXX_LIBRARY = "libc++";
				CLANG_ENABLE_MODULES = YES;
				CLANG_ENABLE_OBJC_ARC = YES;
				CLANG_ENABLE_OBJC_WEAK = YES;
				CLANG_WARN_BLOCK_CAPTURE_AUTORELEASING = YES;
				CLANG_WARN_BOOL_CONVERSION = YES;
				CLANG_WARN_COMMA = YES;
				CLANG_WARN_CONSTANT_CONVERSION = YES;
				CLANG_WARN_DEPRECATED_OBJC_IMPLEMENTATIONS = YES;
				CLANG_WARN_DIRECT_OBJC_ISA_USAGE = YES_ERROR;
				CLANG_WARN_DOCUMENTATION_COMMENTS = YES;
				CLANG_WARN_EMPTY_BODY = YES;
				CLANG_WARN_ENUM_CONVERSION = YES;
				CLANG_WARN_INFINITE_RECURSION = YES;
				CLANG_WARN_INT_CONVERSION = YES;
				CLANG_WARN_NON_LITERAL_NULL_CONVERSION = YES;
				CLANG_WARN_OBJC_IMPLICIT_RETAIN_SELF = YES;
				CLANG_WARN_OBJC_LITERAL_CONVERSION = YES;
				CLANG_WARN_OBJC_ROOT_CLASS = YES_ERROR;
				CLANG_WARN_QUOTED_INCLUDE_IN_FRAMEWORK_HEADER = YES;
				CLANG_WARN_RANGE_LOOP_ANALYSIS = YES;
				CLANG_WARN_STRICT_PROTOTYPES = YES;
				CLANG_WARN_SUSPICIOUS_MOVE = YES;
				CLANG_WARN_UNGUARDED_AVAILABILITY = YES_AGGRESSIVE;
				CLANG_WARN_UNREACHABLE_CODE = YES;
				CLANG_WARN__DUPLICATE_METHOD_MATCH = YES;
				COPY_PHASE_STRIP = NO;
				DEBUG_INFORMATION_FORMAT = "dwarf-with-dsym";
				ENABLE_NS_ASSERTIONS = NO;
				ENABLE_STRICT_OBJC_MSGSEND = YES;
				GCC_C_LANGUAGE_STANDARD = gnu11;
				GCC_NO_COMMON_BLOCKS = YES;
				GCC_WARN_64_TO_32_BIT_CONVERSION = YES;
				GCC_WARN_ABOUT_RETURN_TYPE = YES_ERROR;
				GCC_WARN_UNDECLARED_SELECTOR = YES;
				GCC_WARN_UNINITIALIZED_AUTOS = YES_AGGRESSIVE;
				GCC_WARN_UNUSED_FUNCTION = YES;
				GCC_WARN_UNUSED_VARIABLE = YES;
				IPHONEOS_DEPLOYMENT_TARGET = 15.0;
				MTL_ENABLE_DEBUG_INFO = NO;
				MTL_FAST_MATH = YES;
				SDKROOT = iphoneos;
				SWIFT_COMPILATION_MODE = wholemodule;
				SWIFT_OPTIMIZATION_LEVEL = "-O";
				VALIDATE_PRODUCT = YES;
			};
			name = Release;
		};
		8A1F3BE42753BAE1005DB6EB /* Debug */ = {
			isa = XCBuildConfiguration;
			buildSettings = {
				ASSETCATALOG_COMPILER_APPICON_NAME = AppIcon;
				ASSETCATALOG_COMPILER_GLOBAL_ACCENT_COLOR_NAME = AccentColor;
				CODE_SIGN_STYLE = Automatic;
				CURRENT_PROJECT_VERSION = 1;
				DEVELOPMENT_ASSET_PATHS = "\"contacts/Preview Content\"";
				DEVELOPMENT_TEAM = 2ANU3N3P9D;
				ENABLE_PREVIEWS = YES;
				GENERATE_INFOPLIST_FILE = YES;
				INFOPLIST_KEY_UIApplicationSceneManifest_Generation = YES;
				INFOPLIST_KEY_UIApplicationSupportsIndirectInputEvents = YES;
				INFOPLIST_KEY_UILaunchScreen_Generation = YES;
				INFOPLIST_KEY_UISupportedInterfaceOrientations_iPad = "UIInterfaceOrientationPortrait UIInterfaceOrientationPortraitUpsideDown UIInterfaceOrientationLandscapeLeft UIInterfaceOrientationLandscapeRight";
				INFOPLIST_KEY_UISupportedInterfaceOrientations_iPhone = "UIInterfaceOrientationPortrait UIInterfaceOrientationLandscapeLeft UIInterfaceOrientationLandscapeRight";
				LD_RUNPATH_SEARCH_PATHS = (
					"$(inherited)",
					"@executable_path/Frameworks",
				);
				MARKETING_VERSION = 1.0;
				PRODUCT_BUNDLE_IDENTIFIER = com.aliakseim.contacts;
				PRODUCT_NAME = "$(TARGET_NAME)";
				SWIFT_EMIT_LOC_STRINGS = YES;
				SWIFT_VERSION = 5.0;
				TARGETED_DEVICE_FAMILY = "1,2";
			};
			name = Debug;
		};
		8A1F3BE52753BAE1005DB6EB /* Release */ = {
			isa = XCBuildConfiguration;
			buildSettings = {
				ASSETCATALOG_COMPILER_APPICON_NAME = AppIcon;
				ASSETCATALOG_COMPILER_GLOBAL_ACCENT_COLOR_NAME = AccentColor;
				CODE_SIGN_STYLE = Automatic;
				CURRENT_PROJECT_VERSION = 1;
				DEVELOPMENT_ASSET_PATHS = "\"contacts/Preview Content\"";
				DEVELOPMENT_TEAM = 2ANU3N3P9D;
				ENABLE_PREVIEWS = YES;
				GENERATE_INFOPLIST_FILE = YES;
				INFOPLIST_KEY_UIApplicationSceneManifest_Generation = YES;
				INFOPLIST_KEY_UIApplicationSupportsIndirectInputEvents = YES;
				INFOPLIST_KEY_UILaunchScreen_Generation = YES;
				INFOPLIST_KEY_UISupportedInterfaceOrientations_iPad = "UIInterfaceOrientationPortrait UIInterfaceOrientationPortraitUpsideDown UIInterfaceOrientationLandscapeLeft UIInterfaceOrientationLandscapeRight";
				INFOPLIST_KEY_UISupportedInterfaceOrientations_iPhone = "UIInterfaceOrientationPortrait UIInterfaceOrientationLandscapeLeft UIInterfaceOrientationLandscapeRight";
				LD_RUNPATH_SEARCH_PATHS = (
					"$(inherited)",
					"@executable_path/Frameworks",
				);
				MARKETING_VERSION = 1.0;
				PRODUCT_BUNDLE_IDENTIFIER = com.aliakseim.contacts;
				PRODUCT_NAME = "$(TARGET_NAME)";
				SWIFT_EMIT_LOC_STRINGS = YES;
				SWIFT_VERSION = 5.0;
				TARGETED_DEVICE_FAMILY = "1,2";
			};
			name = Release;
		};
		8A1F3BE72753BAE1005DB6EB /* Debug */ = {
			isa = XCBuildConfiguration;
			buildSettings = {
				ALWAYS_EMBED_SWIFT_STANDARD_LIBRARIES = YES;
				BUNDLE_LOADER = "$(TEST_HOST)";
				CODE_SIGN_STYLE = Automatic;
				CURRENT_PROJECT_VERSION = 1;
				DEVELOPMENT_TEAM = 2ANU3N3P9D;
				GENERATE_INFOPLIST_FILE = YES;
				IPHONEOS_DEPLOYMENT_TARGET = 15.0;
				LD_RUNPATH_SEARCH_PATHS = (
					"$(inherited)",
					"@executable_path/Frameworks",
					"@loader_path/Frameworks",
				);
				MARKETING_VERSION = 1.0;
				PRODUCT_BUNDLE_IDENTIFIER = com.aliakseim.contactsTests;
				PRODUCT_NAME = "$(TARGET_NAME)";
				SWIFT_EMIT_LOC_STRINGS = NO;
				SWIFT_VERSION = 5.0;
				TARGETED_DEVICE_FAMILY = "1,2";
				TEST_HOST = "$(BUILT_PRODUCTS_DIR)/contacts.app/contacts";
			};
			name = Debug;
		};
		8A1F3BE82753BAE1005DB6EB /* Release */ = {
			isa = XCBuildConfiguration;
			buildSettings = {
				ALWAYS_EMBED_SWIFT_STANDARD_LIBRARIES = YES;
				BUNDLE_LOADER = "$(TEST_HOST)";
				CODE_SIGN_STYLE = Automatic;
				CURRENT_PROJECT_VERSION = 1;
				DEVELOPMENT_TEAM = 2ANU3N3P9D;
				GENERATE_INFOPLIST_FILE = YES;
				IPHONEOS_DEPLOYMENT_TARGET = 15.0;
				LD_RUNPATH_SEARCH_PATHS = (
					"$(inherited)",
					"@executable_path/Frameworks",
					"@loader_path/Frameworks",
				);
				MARKETING_VERSION = 1.0;
				PRODUCT_BUNDLE_IDENTIFIER = com.aliakseim.contactsTests;
				PRODUCT_NAME = "$(TARGET_NAME)";
				SWIFT_EMIT_LOC_STRINGS = NO;
				SWIFT_VERSION = 5.0;
				TARGETED_DEVICE_FAMILY = "1,2";
				TEST_HOST = "$(BUILT_PRODUCTS_DIR)/contacts.app/contacts";
			};
			name = Release;
		};
		8A1F3BEA2753BAE1005DB6EB /* Debug */ = {
			isa = XCBuildConfiguration;
			buildSettings = {
				ALWAYS_EMBED_SWIFT_STANDARD_LIBRARIES = YES;
				CODE_SIGN_STYLE = Automatic;
				CURRENT_PROJECT_VERSION = 1;
				DEVELOPMENT_TEAM = 2ANU3N3P9D;
				GENERATE_INFOPLIST_FILE = YES;
				LD_RUNPATH_SEARCH_PATHS = (
					"$(inherited)",
					"@executable_path/Frameworks",
					"@loader_path/Frameworks",
				);
				MARKETING_VERSION = 1.0;
				PRODUCT_BUNDLE_IDENTIFIER = com.aliakseim.contactsUITests;
				PRODUCT_NAME = "$(TARGET_NAME)";
				SWIFT_EMIT_LOC_STRINGS = NO;
				SWIFT_VERSION = 5.0;
				TARGETED_DEVICE_FAMILY = "1,2";
				TEST_TARGET_NAME = contacts;
			};
			name = Debug;
		};
		8A1F3BEB2753BAE1005DB6EB /* Release */ = {
			isa = XCBuildConfiguration;
			buildSettings = {
				ALWAYS_EMBED_SWIFT_STANDARD_LIBRARIES = YES;
				CODE_SIGN_STYLE = Automatic;
				CURRENT_PROJECT_VERSION = 1;
				DEVELOPMENT_TEAM = 2ANU3N3P9D;
				GENERATE_INFOPLIST_FILE = YES;
				LD_RUNPATH_SEARCH_PATHS = (
					"$(inherited)",
					"@executable_path/Frameworks",
					"@loader_path/Frameworks",
				);
				MARKETING_VERSION = 1.0;
				PRODUCT_BUNDLE_IDENTIFIER = com.aliakseim.contactsUITests;
				PRODUCT_NAME = "$(TARGET_NAME)";
				SWIFT_EMIT_LOC_STRINGS = NO;
				SWIFT_VERSION = 5.0;
				TARGETED_DEVICE_FAMILY = "1,2";
				TEST_TARGET_NAME = contacts;
			};
			name = Release;
		};
/* End XCBuildConfiguration section */

/* Begin XCConfigurationList section */
		8A1F3BBA2753BADF005DB6EB /* Build configuration list for PBXProject "contacts" */ = {
			isa = XCConfigurationList;
			buildConfigurations = (
				8A1F3BE12753BAE1005DB6EB /* Debug */,
				8A1F3BE22753BAE1005DB6EB /* Release */,
			);
			defaultConfigurationIsVisible = 0;
			defaultConfigurationName = Release;
		};
		8A1F3BE32753BAE1005DB6EB /* Build configuration list for PBXNativeTarget "contacts" */ = {
			isa = XCConfigurationList;
			buildConfigurations = (
				8A1F3BE42753BAE1005DB6EB /* Debug */,
				8A1F3BE52753BAE1005DB6EB /* Release */,
			);
			defaultConfigurationIsVisible = 0;
			defaultConfigurationName = Release;
		};
		8A1F3BE62753BAE1005DB6EB /* Build configuration list for PBXNativeTarget "contactsTests" */ = {
			isa = XCConfigurationList;
			buildConfigurations = (
				8A1F3BE72753BAE1005DB6EB /* Debug */,
				8A1F3BE82753BAE1005DB6EB /* Release */,
			);
			defaultConfigurationIsVisible = 0;
			defaultConfigurationName = Release;
		};
		8A1F3BE92753BAE1005DB6EB /* Build configuration list for PBXNativeTarget "contactsUITests" */ = {
			isa = XCConfigurationList;
			buildConfigurations = (
				8A1F3BEA2753BAE1005DB6EB /* Debug */,
				8A1F3BEB2753BAE1005DB6EB /* Release */,
			);
			defaultConfigurationIsVisible = 0;
			defaultConfigurationName = Release;
		};
/* End XCConfigurationList section */
	};
	rootObject = 8A1F3BB72753BADF005DB6EB /* Project object */;
}
